
Microsoft Visual Studio Solution File, Format Version 12.00
# Visual Studio Version 17
VisualStudioVersion = 17.3.32922.545
MinimumVisualStudioVersion = 10.0.40219.1
Project("{8BC9CEB8-8B4A-11D0-8D11-00A0C91BC942}") = "SortToneMapping", "SortToneMapping\SortToneMapping.vcxproj", "{40470DA3-9618-4DB9-B312-1631464E80BE}"
EndProject
Project("{8BC9CEB8-8B4A-11D0-8D11-00A0C91BC942}") = "DeepView", "DeepView\DeepView.vcxproj", "{C4F0E593-FF57-4EBC-A3A3-1EB08CC78922}"
EndProject
Global
	GlobalSection(SolutionConfigurationPlatforms) = preSolution
		Debug|x64 = Debug|x64
		Debug|x86 = Debug|x86
		Release|x64 = Release|x64
		Release|x86 = Release|x86
	EndGlobalSection
	GlobalSection(ProjectConfigurationPlatforms) = postSolution
		{40470DA3-9618-4DB9-B312-1631464E80BE}.Debug|x64.ActiveCfg = Debug|x64
		{40470DA3-9618-4DB9-B312-1631464E80BE}.Debug|x64.Build.0 = Debug|x64
		{40470DA3-9618-4DB9-B312-1631464E80BE}.Debug|x86.ActiveCfg = Debug|Win32
		{40470DA3-9618-4DB9-B312-1631464E80BE}.Debug|x86.Build.0 = Debug|Win32
		{40470DA3-9618-4DB9-B312-1631464E80BE}.Release|x64.ActiveCfg = Release|x64
		{40470DA3-9618-4DB9-B312-1631464E80BE}.Release|x64.Build.0 = Release|x64
		{40470DA3-9618-4DB9-B312-1631464E80BE}.Release|x86.ActiveCfg = Release|Win32
		{40470DA3-9618-4DB9-B312-1631464E80BE}.Release|x86.Build.0 = Release|Win32
		{C4F0E593-FF57-4EBC-A3A3-1EB08CC78922}.Debug|x64.ActiveCfg = Debug|x64
		{C4F0E593-FF57-4EBC-A3A3-1EB08CC78922}.Debug|x64.Build.0 = Debug|x64
		{C4F0E593-FF57-4EBC-A3A3-1EB08CC78922}.Debug|x86.ActiveCfg = Debug|Win32
		{C4F0E593-FF57-4EBC-A3A3-1EB08CC78922}.Debug|x86.Build.0 = Debug|Win32
		{C4F0E593-FF57-4EBC-A3A3-1EB08CC78922}.Release|x64.ActiveCfg = Release|x64
		{C4F0E593-FF57-4EBC-A3A3-1EB08CC78922}.Release|x64.Build.0 = Release|x64
		{C4F0E593-FF57-4EBC-A3A3-1EB08CC78922}.Release|x86.ActiveCfg = Release|Win32
		{C4F0E593-FF57-4EBC-A3A3-1EB08CC78922}.Release|x86.Build.0 = Release|Win32
	EndGlobalSection
	GlobalSection(SolutionProperties) = preSolution
		HideSolutionNode = FALSE
	EndGlobalSection
	GlobalSection(ExtensibilityGlobals) = postSolution
		SolutionGuid = {6DA60F23-AED1-4009-BCF6-2F35A8D6D296}
	EndGlobalSection
EndGlobal
